Microsoft Visual Studio Solution File, Format Version 12.00
# Visual Studio Version 17
VisualStudioVersion = 17.13.35913.81
MinimumVisualStudioVersion = 10.0.40219.1
Project("{FAE04EC0-301F-11D3-BF4B-00C04F79EFBC}") = "NxEmailService", "NxEmailService\NxEmailService.csproj", "{EB39C0E0-5559-4BB5-BEE3-D0202386F32B}"
EndProject
Global
	GlobalSection(SolutionConfigurationPlatforms) = preSolution
		Debug|Any CPU = Debug|Any CPU
		Release|Any CPU = Release|Any CPU
	EndGlobalSection
	GlobalSection(ProjectConfigurationPlatforms) = postSolution
		{EB39C0E0-5559-4BB5-BEE3-D0202386F32B}.Debug|Any CPU.ActiveCfg = Debug|Any CPU
		{EB39C0E0-5559-4BB5-BEE3-D0202386F32B}.Debug|Any CPU.Build.0 = Debug|Any CPU
		{EB39C0E0-5559-4BB5-BEE3-D0202386F32B}.Release|Any CPU.ActiveCfg = Release|Any CPU
		{EB39C0E0-5559-4BB5-BEE3-D0202386F32B}.Release|Any CPU.Build.0 = Release|Any CPU
	EndGlobalSection
	GlobalSection(SolutionProperties) = preSolution
		HideSolutionNode = FALSE
	EndGlobalSection
	GlobalSection(ExtensibilityGlobals) = postSolution
		SolutionGuid = {CB6F85C5-25C0-49FF-A8E4-99AAF1F6B775}
	EndGlobalSection
EndGlobal
